
Microsoft Visual Studio Solution File, Format Version 12.00
# Visual Studio Version 16
VisualStudioVersion = 16.0.30517.126
MinimumVisualStudioVersion = 10.0.40219.1
Project("{FAE04EC0-301F-11D3-BF4B-00C04F79EFBC}") = "VowelsAndConsonants", "VowelsAndConsonants\VowelsAndConsonants.csproj", "{FB8756BF-F0CD-42C8-89C3-F9E2403AAA1D}"
EndProject
Global
	GlobalSection(SolutionConfigurationPlatforms) = preSolution
		Debug|Any CPU = Debug|Any CPU
		Release|Any CPU = Release|Any CPU
	EndGlobalSection
	GlobalSection(ProjectConfigurationPlatforms) = postSolution
		{FB8756BF-F0CD-42C8-89C3-F9E2403AAA1D}.Debug|Any CPU.ActiveCfg = Debug|Any CPU
		{FB8756BF-F0CD-42C8-89C3-F9E2403AAA1D}.Debug|Any CPU.Build.0 = Debug|Any CPU
		{FB8756BF-F0CD-42C8-89C3-F9E2403AAA1D}.Release|Any CPU.ActiveCfg = Release|Any CPU
		{FB8756BF-F0CD-42C8-89C3-F9E2403AAA1D}.Release|Any CPU.Build.0 = Release|Any CPU
	EndGlobalSection
	GlobalSection(SolutionProperties) = preSolution
		HideSolutionNode = FALSE
	EndGlobalSection
	GlobalSection(ExtensibilityGlobals) = postSolution
		SolutionGuid = {57D1DD31-9A9C-4E87-A88E-0E52DBFFE354}
	EndGlobalSection
EndGlobal
